
Microsoft Visual Studio Solution File, Format Version 12.00
# Visual Studio Version 17
VisualStudioVersion = 17.4.33213.308
MinimumVisualStudioVersion = 10.0.40219.1
Project("{FAE04EC0-301F-11D3-BF4B-00C04F79EFBC}") = "MvcMovie_Taalaibek", "MvcMovie_Taalaibek\MvcMovie_Taalaibek.csproj", "{A95E6086-D402-4009-B875-10C80B8A4714}"
EndProject
Global
	GlobalSection(SolutionConfigurationPlatforms) = preSolution
		Debug|Any CPU = Debug|Any CPU
		Release|Any CPU = Release|Any CPU
	EndGlobalSection
	GlobalSection(ProjectConfigurationPlatforms) = postSolution
		{A95E6086-D402-4009-B875-10C80B8A4714}.Debug|Any CPU.ActiveCfg = Debug|Any CPU
		{A95E6086-D402-4009-B875-10C80B8A4714}.Debug|Any CPU.Build.0 = Debug|Any CPU
		{A95E6086-D402-4009-B875-10C80B8A4714}.Release|Any CPU.ActiveCfg = Release|Any CPU
		{A95E6086-D402-4009-B875-10C80B8A4714}.Release|Any CPU.Build.0 = Release|Any CPU
	EndGlobalSection
	GlobalSection(SolutionProperties) = preSolution
		HideSolutionNode = FALSE
	EndGlobalSection
	GlobalSection(ExtensibilityGlobals) = postSolution
		SolutionGuid = {AFC21A08-F6A4-4A58-84EB-570F1D579CCE}
	EndGlobalSection
EndGlobal
